
Microsoft Visual Studio Solution File, Format Version 12.00
# Visual Studio Version 16
VisualStudioVersion = 16.0.31402.337
MinimumVisualStudioVersion = 10.0.40219.1
Project("{FAE04EC0-301F-11D3-BF4B-00C04F79EFBC}") = "CompanyEmployees.Core", "CompanyEmployees.Core\CompanyEmployees.Core.csproj", "{E5DF0FC8-9146-4E6B-9AEA-1A2CAC65B098}"
EndProject
Project("{FAE04EC0-301F-11D3-BF4B-00C04F79EFBC}") = "CompanyEmployees.Contracts", "Contracts\CompanyEmployees.Contracts.csproj", "{8A570A67-E8E3-4B51-9D7E-B10E66FF91F1}"
EndProject
Project("{FAE04EC0-301F-11D3-BF4B-00C04F79EFBC}") = "CompanyEmployees.LoggerService", "LoggerService\CompanyEmployees.LoggerService.csproj", "{8BEE9262-0021-4021-8F82-3B42654BCF0C}"
EndProject
Global
	GlobalSection(SolutionConfigurationPlatforms) = preSolution
		Debug|Any CPU = Debug|Any CPU
		Release|Any CPU = Release|Any CPU
	EndGlobalSection
	GlobalSection(ProjectConfigurationPlatforms) = postSolution
		{E5DF0FC8-9146-4E6B-9AEA-1A2CAC65B098}.Debug|Any CPU.ActiveCfg = Debug|Any CPU
		{E5DF0FC8-9146-4E6B-9AEA-1A2CAC65B098}.Debug|Any CPU.Build.0 = Debug|Any CPU
		{E5DF0FC8-9146-4E6B-9AEA-1A2CAC65B098}.Release|Any CPU.ActiveCfg = Release|Any CPU
		{E5DF0FC8-9146-4E6B-9AEA-1A2CAC65B098}.Release|Any CPU.Build.0 = Release|Any CPU
		{8A570A67-E8E3-4B51-9D7E-B10E66FF91F1}.Debug|Any CPU.ActiveCfg = Debug|Any CPU
		{8A570A67-E8E3-4B51-9D7E-B10E66FF91F1}.Debug|Any CPU.Build.0 = Debug|Any CPU
		{8A570A67-E8E3-4B51-9D7E-B10E66FF91F1}.Release|Any CPU.ActiveCfg = Release|Any CPU
		{8A570A67-E8E3-4B51-9D7E-B10E66FF91F1}.Release|Any CPU.Build.0 = Release|Any CPU
		{8BEE9262-0021-4021-8F82-3B42654BCF0C}.Debug|Any CPU.ActiveCfg = Debug|Any CPU
		{8BEE9262-0021-4021-8F82-3B42654BCF0C}.Debug|Any CPU.Build.0 = Debug|Any CPU
		{8BEE9262-0021-4021-8F82-3B42654BCF0C}.Release|Any CPU.ActiveCfg = Release|Any CPU
		{8BEE9262-0021-4021-8F82-3B42654BCF0C}.Release|Any CPU.Build.0 = Release|Any CPU
	EndGlobalSection
	GlobalSection(SolutionProperties) = preSolution
		HideSolutionNode = FALSE
	EndGlobalSection
	GlobalSection(ExtensibilityGlobals) = postSolution
		SolutionGuid = {1E506D2D-BB1F-4D40-B642-074D783E17A1}
	EndGlobalSection
EndGlobal
